// !$*UTF8*$!
{
	archiveVersion = 1;
	classes = {
	};
	objectVersion = 46;
	objects = {

/* Begin PBXBuildFile section */
		AB0F26971AE29DC200D18BB7 /* PiggyBankCommon.h in Headers */ = {isa = PBXBuildFile; fileRef = AB0F26961AE29DC200D18BB7 /* PiggyBankCommon.h */; settings = {ATTRIBUTES = (Public, ); }; };
		AB0F269D1AE29DC200D18BB7 /* PiggyBankCommon.framework in Frameworks */ = {isa = PBXBuildFile; fileRef = AB0F26921AE29DC200D18BB7 /* PiggyBankCommon.framework */; };
		AB0F26A61AE29DC200D18BB7 /* PiggyBankCommonTests.swift in Sources */ = {isa = PBXBuildFile; fileRef = AB0F26A51AE29DC200D18BB7 /* PiggyBankCommonTests.swift */; };
		AB0F26A91AE29DC200D18BB7 /* PiggyBankCommon.framework in Frameworks */ = {isa = PBXBuildFile; fileRef = AB0F26921AE29DC200D18BB7 /* PiggyBankCommon.framework */; };
		AB0F26AA1AE29DC200D18BB7 /* PiggyBankCommon.framework in Embed Frameworks */ = {isa = PBXBuildFile; fileRef = AB0F26921AE29DC200D18BB7 /* PiggyBankCommon.framework */; settings = {ATTRIBUTES = (CodeSignOnCopy, RemoveHeadersOnCopy, ); }; };
		AB0F26B21AE29EB600D18BB7 /* BalanceModel.swift in Sources */ = {isa = PBXBuildFile; fileRef = AB2A41321AE14335004FEFF2 /* BalanceModel.swift */; };
		AB16B9401ADBE0CC00F30BC3 /* AppDelegate.swift in Sources */ = {isa = PBXBuildFile; fileRef = AB16B93F1ADBE0CC00F30BC3 /* AppDelegate.swift */; };
		AB16B9421ADBE0CC00F30BC3 /* ViewController.swift in Sources */ = {isa = PBXBuildFile; fileRef = AB16B9411ADBE0CC00F30BC3 /* ViewController.swift */; };
		AB16B9471ADBE0CC00F30BC3 /* Images.xcassets in Resources */ = {isa = PBXBuildFile; fileRef = AB16B9461ADBE0CC00F30BC3 /* Images.xcassets */; };
		AB16B94A1ADBE0CC00F30BC3 /* LaunchScreen.xib in Resources */ = {isa = PBXBuildFile; fileRef = AB16B9481ADBE0CC00F30BC3 /* LaunchScreen.xib */; };
		AB16B9561ADBE0CC00F30BC3 /* PiggyBankTests.swift in Sources */ = {isa = PBXBuildFile; fileRef = AB16B9551ADBE0CC00F30BC3 /* PiggyBankTests.swift */; };
		AB1DA6101AE23B96008A6681 /* InterfaceController.swift in Sources */ = {isa = PBXBuildFile; fileRef = AB1DA60F1AE23B96008A6681 /* InterfaceController.swift */; };
		AB1DA6121AE23B96008A6681 /* NotificationController.swift in Sources */ = {isa = PBXBuildFile; fileRef = AB1DA6111AE23B96008A6681 /* NotificationController.swift */; };
		AB1DA6141AE23B96008A6681 /* GlanceController.swift in Sources */ = {isa = PBXBuildFile; fileRef = AB1DA6131AE23B96008A6681 /* GlanceController.swift */; };
		AB1DA6161AE23B96008A6681 /* Images.xcassets in Resources */ = {isa = PBXBuildFile; fileRef = AB1DA6151AE23B96008A6681 /* Images.xcassets */; };
		AB1DA61A1AE23B96008A6681 /* PiggyBank WatchKit App.app in Resources */ = {isa = PBXBuildFile; fileRef = AB1DA6191AE23B96008A6681 /* PiggyBank WatchKit App.app */; };
		AB1DA6221AE23B96008A6681 /* Interface.storyboard in Resources */ = {isa = PBXBuildFile; fileRef = AB1DA6201AE23B96008A6681 /* Interface.storyboard */; };
		AB1DA6241AE23B96008A6681 /* Images.xcassets in Resources */ = {isa = PBXBuildFile; fileRef = AB1DA6231AE23B96008A6681 /* Images.xcassets */; };
		AB1DA6271AE23B96008A6681 /* PiggyBank WatchKit Extension.appex in Embed App Extensions */ = {isa = PBXBuildFile; fileRef = AB1DA60A1AE23B96008A6681 /* PiggyBank WatchKit Extension.appex */; settings = {ATTRIBUTES = (RemoveHeadersOnCopy, ); }; };
		AB58DFC71ADD308D00F41625 /* UIColorExtensions.swift in Sources */ = {isa = PBXBuildFile; fileRef = AB58DFC61ADD308D00F41625 /* UIColorExtensions.swift */; };
		AB58DFC91ADD317000F41625 /* Style.swift in Sources */ = {isa = PBXBuildFile; fileRef = AB58DFC81ADD317000F41625 /* Style.swift */; };
		ABBCDFE51ADD5D3900358E35 /* ScreenUtil.swift in Sources */ = {isa = PBXBuildFile; fileRef = ABBCDFE41ADD5D3900358E35 /* ScreenUtil.swift */; };
		FEB279F99289E8C0356DEF09 /* libPods.a in Frameworks */ = {isa = PBXBuildFile; fileRef = F4573257CFEA64CF642D5045 /* libPods.a */; };
/* End PBXBuildFile section */

/* Begin PBXContainerItemProxy section */
		AB0F269E1AE29DC200D18BB7 /* PBXContainerItemProxy */ = {
			isa = PBXContainerItemProxy;
			containerPortal = AB16B9321ADBE0CC00F30BC3 /* Project object */;
			proxyType = 1;
			remoteGlobalIDString = AB0F26911AE29DC200D18BB7;
			remoteInfo = PiggyBankCommon;
		};
		AB0F26A01AE29DC200D18BB7 /* PBXContainerItemProxy */ = {
			isa = PBXContainerItemProxy;
			containerPortal = AB16B9321ADBE0CC00F30BC3 /* Project object */;
			proxyType = 1;
			remoteGlobalIDString = AB16B9391ADBE0CC00F30BC3;
			remoteInfo = PiggyBank;
		};
		AB0F26A71AE29DC200D18BB7 /* PBXContainerItemProxy */ = {
			isa = PBXContainerItemProxy;
			containerPortal = AB16B9321ADBE0CC00F30BC3 /* Project object */;
			proxyType = 1;
			remoteGlobalIDString = AB0F26911AE29DC200D18BB7;
			remoteInfo = PiggyBankCommon;
		};
		AB16B9501ADBE0CC00F30BC3 /* PBXContainerItemProxy */ = {
			isa = PBXContainerItemProxy;
			containerPortal = AB16B9321ADBE0CC00F30BC3 /* Project object */;
			proxyType = 1;
			remoteGlobalIDString = AB16B9391ADBE0CC00F30BC3;
			remoteInfo = PiggyBank;
		};
		AB1DA61B1AE23B96008A6681 /* PBXContainerItemProxy */ = {
			isa = PBXContainerItemProxy;
			containerPortal = AB16B9321ADBE0CC00F30BC3 /* Project object */;
			proxyType = 1;
			remoteGlobalIDString = AB1DA6181AE23B96008A6681;
			remoteInfo = "PiggyBank WatchKit App";
		};
		AB1DA6251AE23B96008A6681 /* PBXContainerItemProxy */ = {
			isa = PBXContainerItemProxy;
			containerPortal = AB16B9321ADBE0CC00F30BC3 /* Project object */;
			proxyType = 1;
			remoteGlobalIDString = AB1DA6091AE23B96008A6681;
			remoteInfo = "PiggyBank WatchKit Extension";
		};
/* End PBXContainerItemProxy section */

/* Begin PBXCopyFilesBuildPhase section */
		AB0F26B01AE29DC200D18BB7 /* Embed Frameworks */ = {
			isa = PBXCopyFilesBuildPhase;
			buildActionMask = 2147483647;
			dstPath = "";
			dstSubfolderSpec = 10;
			files = (
				AB0F26AA1AE29DC200D18BB7 /* PiggyBankCommon.framework in Embed Frameworks */,
			);
			name = "Embed Frameworks";
			runOnlyForDeploymentPostprocessing = 0;
		};
		AB1DA62E1AE23B96008A6681 /* Embed App Extensions */ = {
			isa = PBXCopyFilesBuildPhase;
			buildActionMask = 2147483647;
			dstPath = "";
			dstSubfolderSpec = 13;
			files = (
				AB1DA6271AE23B96008A6681 /* PiggyBank WatchKit Extension.appex in Embed App Extensions */,
			);
			name = "Embed App Extensions";
			runOnlyForDeploymentPostprocessing = 0;
		};
/* End PBXCopyFilesBuildPhase section */

/* Begin PBXFileReference section */
		AB0F26921AE29DC200D18BB7 /* PiggyBankCommon.framework */ = {isa = PBXFileReference; explicitFileType = wrapper.framework; includeInIndex = 0; path = PiggyBankCommon.framework; sourceTree = BUILT_PRODUCTS_DIR; };
		AB0F26951AE29DC200D18BB7 /* Info.plist */ = {isa = PBXFileReference; lastKnownFileType = text.plist.xml; path = Info.plist; sourceTree = "<group>"; };
		AB0F26961AE29DC200D18BB7 /* PiggyBankCommon.h */ = {isa = PBXFileReference; lastKnownFileType = sourcecode.c.h; path = PiggyBankCommon.h; sourceTree = "<group>"; };
		AB0F269C1AE29DC200D18BB7 /* PiggyBankCommonTests.xctest */ = {isa = PBXFileReference; explicitFileType = wrapper.cfbundle; includeInIndex = 0; path = PiggyBankCommonTests.xctest; sourceTree = BUILT_PRODUCTS_DIR; };
		AB0F26A41AE29DC200D18BB7 /* Info.plist */ = {isa = PBXFileReference; lastKnownFileType = text.plist.xml; path = Info.plist; sourceTree = "<group>"; };
		AB0F26A51AE29DC200D18BB7 /* PiggyBankCommonTests.swift */ = {isa = PBXFileReference; lastKnownFileType = sourcecode.swift; path = PiggyBankCommonTests.swift; sourceTree = "<group>"; };
		AB16B93A1ADBE0CC00F30BC3 /* PiggyBank.app */ = {isa = PBXFileReference; explicitFileType = wrapper.application; includeInIndex = 0; path = PiggyBank.app; sourceTree = BUILT_PRODUCTS_DIR; };
		AB16B93E1ADBE0CC00F30BC3 /* Info.plist */ = {isa = PBXFileReference; lastKnownFileType = text.plist.xml; path = Info.plist; sourceTree = "<group>"; };
		AB16B93F1ADBE0CC00F30BC3 /* AppDelegate.swift */ = {isa = PBXFileReference; lastKnownFileType = sourcecode.swift; path = AppDelegate.swift; sourceTree = "<group>"; };
		AB16B9411ADBE0CC00F30BC3 /* ViewController.swift */ = {isa = PBXFileReference; lastKnownFileType = sourcecode.swift; path = ViewController.swift; sourceTree = "<group>"; };
		AB16B9461ADBE0CC00F30BC3 /* Images.xcassets */ = {isa = PBXFileReference; lastKnownFileType = folder.assetcatalog; path = Images.xcassets; sourceTree = "<group>"; };
		AB16B9491ADBE0CC00F30BC3 /* Base */ = {isa = PBXFileReference; lastKnownFileType = file.xib; name = Base; path = Base.lproj/LaunchScreen.xib; sourceTree = "<group>"; };
		AB16B94F1ADBE0CC00F30BC3 /* PiggyBankTests.xctest */ = {isa = PBXFileReference; explicitFileType = wrapper.cfbundle; includeInIndex = 0; path = PiggyBankTests.xctest; sourceTree = BUILT_PRODUCTS_DIR; };
		AB16B9541ADBE0CC00F30BC3 /* Info.plist */ = {isa = PBXFileReference; lastKnownFileType = text.plist.xml; path = Info.plist; sourceTree = "<group>"; };
		AB16B9551ADBE0CC00F30BC3 /* PiggyBankTests.swift */ = {isa = PBXFileReference; lastKnownFileType = sourcecode.swift; path = PiggyBankTests.swift; sourceTree = "<group>"; };
		AB16B95F1ADBE93100F30BC3 /* README.md */ = {isa = PBXFileReference; fileEncoding = 4; lastKnownFileType = net.daringfireball.markdown; path = README.md; sourceTree = "<group>"; };
		AB1DA60A1AE23B96008A6681 /* PiggyBank WatchKit Extension.appex */ = {isa = PBXFileReference; explicitFileType = "wrapper.app-extension"; includeInIndex = 0; path = "PiggyBank WatchKit Extension.appex"; sourceTree = BUILT_PRODUCTS_DIR; };
		AB1DA60D1AE23B96008A6681 /* Info.plist */ = {isa = PBXFileReference; lastKnownFileType = text.plist.xml; path = Info.plist; sourceTree = "<group>"; };
		AB1DA60E1AE23B96008A6681 /* PushNotificationPayload.apns */ = {isa = PBXFileReference; lastKnownFileType = text; path = PushNotificationPayload.apns; sourceTree = "<group>"; };
		AB1DA60F1AE23B96008A6681 /* InterfaceController.swift */ = {isa = PBXFileReference; lastKnownFileType = sourcecode.swift; path = InterfaceController.swift; sourceTree = "<group>"; };
		AB1DA6111AE23B96008A6681 /* NotificationController.swift */ = {isa = PBXFileReference; lastKnownFileType = sourcecode.swift; path = NotificationController.swift; sourceTree = "<group>"; };
		AB1DA6131AE23B96008A6681 /* GlanceController.swift */ = {isa = PBXFileReference; lastKnownFileType = sourcecode.swift; path = GlanceController.swift; sourceTree = "<group>"; };
		AB1DA6151AE23B96008A6681 /* Images.xcassets */ = {isa = PBXFileReference; lastKnownFileType = folder.assetcatalog; path = Images.xcassets; sourceTree = "<group>"; };
		AB1DA6191AE23B96008A6681 /* PiggyBank WatchKit App.app */ = {isa = PBXFileReference; explicitFileType = wrapper.application; includeInIndex = 0; path = "PiggyBank WatchKit App.app"; sourceTree = BUILT_PRODUCTS_DIR; };
		AB1DA61F1AE23B96008A6681 /* Info.plist */ = {isa = PBXFileReference; lastKnownFileType = text.plist.xml; path = Info.plist; sourceTree = "<group>"; };
		AB1DA6211AE23B96008A6681 /* Base */ = {isa = PBXFileReference; lastKnownFileType = file.storyboard; name = Base; path = Base.lproj/Interface.storyboard; sourceTree = "<group>"; };
		AB1DA6231AE23B96008A6681 /* Images.xcassets */ = {isa = PBXFileReference; lastKnownFileType = folder.assetcatalog; path = Images.xcassets; sourceTree = "<group>"; };
		AB2A41321AE14335004FEFF2 /* BalanceModel.swift */ = {isa = PBXFileReference; fileEncoding = 4; lastKnownFileType = sourcecode.swift; name = BalanceModel.swift; path = ../PiggyBank/BalanceModel.swift; sourceTree = "<group>"; };
		AB58DFC61ADD308D00F41625 /* UIColorExtensions.swift */ = {isa = PBXFileReference; fileEncoding = 4; lastKnownFileType = sourcecode.swift; path = UIColorExtensions.swift; sourceTree = "<group>"; };
		AB58DFC81ADD317000F41625 /* Style.swift */ = {isa = PBXFileReference; fileEncoding = 4; lastKnownFileType = sourcecode.swift; path = Style.swift; sourceTree = "<group>"; };
		ABBCDFE41ADD5D3900358E35 /* ScreenUtil.swift */ = {isa = PBXFileReference; fileEncoding = 4; lastKnownFileType = sourcecode.swift; path = ScreenUtil.swift; sourceTree = "<group>"; };
		ABFC99B41ADC72F40073AB46 /* PiggyBank-Bridging-Header.h */ = {isa = PBXFileReference; fileEncoding = 4; lastKnownFileType = sourcecode.c.h; path = "PiggyBank-Bridging-Header.h"; sourceTree = "<group>"; };
		DAAE45800054E488C0445190 /* Pods.debug.xcconfig */ = {isa = PBXFileReference; includeInIndex = 1; lastKnownFileType = text.xcconfig; name = Pods.debug.xcconfig; path = "Pods/Target Support Files/Pods/Pods.debug.xcconfig"; sourceTree = "<group>"; };
		F4573257CFEA64CF642D5045 /* libPods.a */ = {isa = PBXFileReference; explicitFileType = archive.ar; includeInIndex = 0; path = libPods.a; sourceTree = BUILT_PRODUCTS_DIR; };
		F5D916FB7CD07E1B359763E7 /* Pods.release.xcconfig */ = {isa = PBXFileReference; includeInIndex = 1; lastKnownFileType = text.xcconfig; name = Pods.release.xcconfig; path = "Pods/Target Support Files/Pods/Pods.release.xcconfig"; sourceTree = "<group>"; };
/* End PBXFileReference section */

/* Begin PBXFrameworksBuildPhase section */
		AB0F268E1AE29DC200D18BB7 /* Frameworks */ = {
			isa = PBXFrameworksBuildPhase;
			buildActionMask = 2147483647;
			files = (
			);
			runOnlyForDeploymentPostprocessing = 0;
		};
		AB0F26991AE29DC200D18BB7 /* Frameworks */ = {
			isa = PBXFrameworksBuildPhase;
			buildActionMask = 2147483647;
			files = (
				AB0F269D1AE29DC200D18BB7 /* PiggyBankCommon.framework in Frameworks */,
			);
			runOnlyForDeploymentPostprocessing = 0;
		};
		AB16B9371ADBE0CC00F30BC3 /* Frameworks */ = {
			isa = PBXFrameworksBuildPhase;
			buildActionMask = 2147483647;
			files = (
				AB0F26A91AE29DC200D18BB7 /* PiggyBankCommon.framework in Frameworks */,
				FEB279F99289E8C0356DEF09 /* libPods.a in Frameworks */,
			);
			runOnlyForDeploymentPostprocessing = 0;
		};
		AB16B94C1ADBE0CC00F30BC3 /* Frameworks */ = {
			isa = PBXFrameworksBuildPhase;
			buildActionMask = 2147483647;
			files = (
			);
			runOnlyForDeploymentPostprocessing = 0;
		};
		AB1DA6071AE23B96008A6681 /* Frameworks */ = {
			isa = PBXFrameworksBuildPhase;
			buildActionMask = 2147483647;
			files = (
			);
			runOnlyForDeploymentPostprocessing = 0;
		};
/* End PBXFrameworksBuildPhase section */

/* Begin PBXGroup section */
		AB0F26931AE29DC200D18BB7 /* PiggyBankCommon */ = {
			isa = PBXGroup;
			children = (
				AB2A41321AE14335004FEFF2 /* BalanceModel.swift */,
				AB0F26961AE29DC200D18BB7 /* PiggyBankCommon.h */,
				AB0F26941AE29DC200D18BB7 /* Supporting Files */,
			);
			path = PiggyBankCommon;
			sourceTree = "<group>";
		};
		AB0F26941AE29DC200D18BB7 /* Supporting Files */ = {
			isa = PBXGroup;
			children = (
				AB0F26951AE29DC200D18BB7 /* Info.plist */,
			);
			name = "Supporting Files";
			sourceTree = "<group>";
		};
		AB0F26A21AE29DC200D18BB7 /* PiggyBankCommonTests */ = {
			isa = PBXGroup;
			children = (
				AB0F26A51AE29DC200D18BB7 /* PiggyBankCommonTests.swift */,
				AB0F26A31AE29DC200D18BB7 /* Supporting Files */,
			);
			path = PiggyBankCommonTests;
			sourceTree = "<group>";
		};
		AB0F26A31AE29DC200D18BB7 /* Supporting Files */ = {
			isa = PBXGroup;
			children = (
				AB0F26A41AE29DC200D18BB7 /* Info.plist */,
			);
			name = "Supporting Files";
			sourceTree = "<group>";
		};
		AB16B9311ADBE0CC00F30BC3 = {
			isa = PBXGroup;
			children = (
				AB16B95F1ADBE93100F30BC3 /* README.md */,
				AB16B93C1ADBE0CC00F30BC3 /* PiggyBank */,
				AB16B9521ADBE0CC00F30BC3 /* PiggyBankTests */,
				AB1DA60B1AE23B96008A6681 /* PiggyBank WatchKit Extension */,
				AB1DA61D1AE23B96008A6681 /* PiggyBank WatchKit App */,
				AB0F26931AE29DC200D18BB7 /* PiggyBankCommon */,
				AB0F26A21AE29DC200D18BB7 /* PiggyBankCommonTests */,
				AB16B93B1ADBE0CC00F30BC3 /* Products */,
				E1A5C26A04EBBD01149C8F09 /* Pods */,
				ACD4388FC697EDEC064ED3E8 /* Frameworks */,
			);
			sourceTree = "<group>";
		};
		AB16B93B1ADBE0CC00F30BC3 /* Products */ = {
			isa = PBXGroup;
			children = (
				AB16B93A1ADBE0CC00F30BC3 /* PiggyBank.app */,
				AB16B94F1ADBE0CC00F30BC3 /* PiggyBankTests.xctest */,
				AB1DA60A1AE23B96008A6681 /* PiggyBank WatchKit Extension.appex */,
				AB1DA6191AE23B96008A6681 /* PiggyBank WatchKit App.app */,
				AB0F26921AE29DC200D18BB7 /* PiggyBankCommon.framework */,
				AB0F269C1AE29DC200D18BB7 /* PiggyBankCommonTests.xctest */,
			);
			name = Products;
			sourceTree = "<group>";
		};
		AB16B93C1ADBE0CC00F30BC3 /* PiggyBank */ = {
			isa = PBXGroup;
			children = (
				ABBCDFE71ADDD17700358E35 /* View Controller */,
				AB16B93D1ADBE0CC00F30BC3 /* Supporting Files */,
				ABBCDFE61ADD667C00358E35 /* Util */,
				AB16B93F1ADBE0CC00F30BC3 /* AppDelegate.swift */,
				ABFC99B41ADC72F40073AB46 /* PiggyBank-Bridging-Header.h */,
				AB16B9461ADBE0CC00F30BC3 /* Images.xcassets */,
				AB16B9481ADBE0CC00F30BC3 /* LaunchScreen.xib */,
			);
			path = PiggyBank;
			sourceTree = "<group>";
		};
		AB16B93D1ADBE0CC00F30BC3 /* Supporting Files */ = {
			isa = PBXGroup;
			children = (
				AB16B93E1ADBE0CC00F30BC3 /* Info.plist */,
			);
			name = "Supporting Files";
			sourceTree = "<group>";
		};
		AB16B9521ADBE0CC00F30BC3 /* PiggyBankTests */ = {
			isa = PBXGroup;
			children = (
				AB16B9551ADBE0CC00F30BC3 /* PiggyBankTests.swift */,
				AB16B9531ADBE0CC00F30BC3 /* Supporting Files */,
			);
			path = PiggyBankTests;
			sourceTree = "<group>";
		};
		AB16B9531ADBE0CC00F30BC3 /* Supporting Files */ = {
			isa = PBXGroup;
			children = (
				AB16B9541ADBE0CC00F30BC3 /* Info.plist */,
			);
			name = "Supporting Files";
			sourceTree = "<group>";
		};
		AB1DA60B1AE23B96008A6681 /* PiggyBank WatchKit Extension */ = {
			isa = PBXGroup;
			children = (
				AB1DA60F1AE23B96008A6681 /* InterfaceController.swift */,
				AB1DA6111AE23B96008A6681 /* NotificationController.swift */,
				AB1DA6131AE23B96008A6681 /* GlanceController.swift */,
				AB1DA6151AE23B96008A6681 /* Images.xcassets */,
				AB1DA60C1AE23B96008A6681 /* Supporting Files */,
			);
			path = "PiggyBank WatchKit Extension";
			sourceTree = "<group>";
		};
		AB1DA60C1AE23B96008A6681 /* Supporting Files */ = {
			isa = PBXGroup;
			children = (
				AB1DA60D1AE23B96008A6681 /* Info.plist */,
				AB1DA60E1AE23B96008A6681 /* PushNotificationPayload.apns */,
			);
			name = "Supporting Files";
			sourceTree = "<group>";
		};
		AB1DA61D1AE23B96008A6681 /* PiggyBank WatchKit App */ = {
			isa = PBXGroup;
			children = (
				AB1DA6201AE23B96008A6681 /* Interface.storyboard */,
				AB1DA6231AE23B96008A6681 /* Images.xcassets */,
				AB1DA61E1AE23B96008A6681 /* Supporting Files */,
			);
			path = "PiggyBank WatchKit App";
			sourceTree = "<group>";
		};
		AB1DA61E1AE23B96008A6681 /* Supporting Files */ = {
			isa = PBXGroup;
			children = (
				AB1DA61F1AE23B96008A6681 /* Info.plist */,
			);
			name = "Supporting Files";
			sourceTree = "<group>";
		};
		ABBCDFE61ADD667C00358E35 /* Util */ = {
			isa = PBXGroup;
			children = (
				AB58DFC61ADD308D00F41625 /* UIColorExtensions.swift */,
				AB58DFC81ADD317000F41625 /* Style.swift */,
				ABBCDFE41ADD5D3900358E35 /* ScreenUtil.swift */,
			);
			name = Util;
			sourceTree = "<group>";
		};
		ABBCDFE71ADDD17700358E35 /* View Controller */ = {
			isa = PBXGroup;
			children = (
				AB16B9411ADBE0CC00F30BC3 /* ViewController.swift */,
			);
			name = "View Controller";
			sourceTree = "<group>";
		};
		ACD4388FC697EDEC064ED3E8 /* Frameworks */ = {
			isa = PBXGroup;
			children = (
				F4573257CFEA64CF642D5045 /* libPods.a */,
			);
			name = Frameworks;
			sourceTree = "<group>";
		};
		E1A5C26A04EBBD01149C8F09 /* Pods */ = {
			isa = PBXGroup;
			children = (
				DAAE45800054E488C0445190 /* Pods.debug.xcconfig */,
				F5D916FB7CD07E1B359763E7 /* Pods.release.xcconfig */,
			);
			name = Pods;
			sourceTree = "<group>";
		};
/* End PBXGroup section */

/* Begin PBXHeadersBuildPhase section */
		AB0F268F1AE29DC200D18BB7 /* Headers */ = {
			isa = PBXHeadersBuildPhase;
			buildActionMask = 2147483647;
			files = (
				AB0F26971AE29DC200D18BB7 /* PiggyBankCommon.h in Headers */,
			);
			runOnlyForDeploymentPostprocessing = 0;
		};
/* End PBXHeadersBuildPhase section */

/* Begin PBXNativeTarget section */
		AB0F26911AE29DC200D18BB7 /* PiggyBankCommon */ = {
			isa = PBXNativeTarget;
			buildConfigurationList = AB0F26AF1AE29DC200D18BB7 /* Build configuration list for PBXNativeTarget "PiggyBankCommon" */;
			buildPhases = (
				AB0F268D1AE29DC200D18BB7 /* Sources */,
				AB0F268E1AE29DC200D18BB7 /* Frameworks */,
				AB0F268F1AE29DC200D18BB7 /* Headers */,
				AB0F26901AE29DC200D18BB7 /* Resources */,
			);
			buildRules = (
			);
			dependencies = (
			);
			name = PiggyBankCommon;
			productName = PiggyBankCommon;
			productReference = AB0F26921AE29DC200D18BB7 /* PiggyBankCommon.framework */;
			productType = "com.apple.product-type.framework";
		};
		AB0F269B1AE29DC200D18BB7 /* PiggyBankCommonTests */ = {
			isa = PBXNativeTarget;
			buildConfigurationList = AB0F26B11AE29DC200D18BB7 /* Build configuration list for PBXNativeTarget "PiggyBankCommonTests" */;
			buildPhases = (
				AB0F26981AE29DC200D18BB7 /* Sources */,
				AB0F26991AE29DC200D18BB7 /* Frameworks */,
				AB0F269A1AE29DC200D18BB7 /* Resources */,
			);
			buildRules = (
			);
			dependencies = (
				AB0F269F1AE29DC200D18BB7 /* PBXTargetDependency */,
				AB0F26A11AE29DC200D18BB7 /* PBXTargetDependency */,
			);
			name = PiggyBankCommonTests;
			productName = PiggyBankCommonTests;
			productReference = AB0F269C1AE29DC200D18BB7 /* PiggyBankCommonTests.xctest */;
			productType = "com.apple.product-type.bundle.unit-test";
		};
		AB16B9391ADBE0CC00F30BC3 /* PiggyBank */ = {
			isa = PBXNativeTarget;
			buildConfigurationList = AB16B9591ADBE0CC00F30BC3 /* Build configuration list for PBXNativeTarget "PiggyBank" */;
			buildPhases = (
				8316B0879717A1E5694A8AE9 /* Check Pods Manifest.lock */,
				AB16B9361ADBE0CC00F30BC3 /* Sources */,
				AB16B9371ADBE0CC00F30BC3 /* Frameworks */,
				AB16B9381ADBE0CC00F30BC3 /* Resources */,
				97D44B9AC6C5D5E9506A4D3B /* Copy Pods Resources */,
				AB1DA62E1AE23B96008A6681 /* Embed App Extensions */,
				AB0F26B01AE29DC200D18BB7 /* Embed Frameworks */,
			);
			buildRules = (
			);
			dependencies = (
				AB1DA6261AE23B96008A6681 /* PBXTargetDependency */,
				AB0F26A81AE29DC200D18BB7 /* PBXTargetDependency */,
			);
			name = PiggyBank;
			productName = PiggyBank;
			productReference = AB16B93A1ADBE0CC00F30BC3 /* PiggyBank.app */;
			productType = "com.apple.product-type.application";
		};
		AB16B94E1ADBE0CC00F30BC3 /* PiggyBankTests */ = {
			isa = PBXNativeTarget;
			buildConfigurationList = AB16B95C1ADBE0CC00F30BC3 /* Build configuration list for PBXNativeTarget "PiggyBankTests" */;
			buildPhases = (
				AB16B94B1ADBE0CC00F30BC3 /* Sources */,
				AB16B94C1ADBE0CC00F30BC3 /* Frameworks */,
				AB16B94D1ADBE0CC00F30BC3 /* Resources */,
			);
			buildRules = (
			);
			dependencies = (
				AB16B9511ADBE0CC00F30BC3 /* PBXTargetDependency */,
			);
			name = PiggyBankTests;
			productName = PiggyBankTests;
			productReference = AB16B94F1ADBE0CC00F30BC3 /* PiggyBankTests.xctest */;
			productType = "com.apple.product-type.bundle.unit-test";
		};
		AB1DA6091AE23B96008A6681 /* PiggyBank WatchKit Extension */ = {
			isa = PBXNativeTarget;
			buildConfigurationList = AB1DA62D1AE23B96008A6681 /* Build configuration list for PBXNativeTarget "PiggyBank WatchKit Extension" */;
			buildPhases = (
				AB1DA6061AE23B96008A6681 /* Sources */,
				AB1DA6071AE23B96008A6681 /* Frameworks */,
				AB1DA6081AE23B96008A6681 /* Resources */,
			);
			buildRules = (
			);
			dependencies = (
				AB1DA61C1AE23B96008A6681 /* PBXTargetDependency */,
			);
			name = "PiggyBank WatchKit Extension";
			productName = "PiggyBank WatchKit Extension";
			productReference = AB1DA60A1AE23B96008A6681 /* PiggyBank WatchKit Extension.appex */;
			productType = "com.apple.product-type.watchkit-extension";
		};
		AB1DA6181AE23B96008A6681 /* PiggyBank WatchKit App */ = {
			isa = PBXNativeTarget;
			buildConfigurationList = AB1DA62C1AE23B96008A6681 /* Build configuration list for PBXNativeTarget "PiggyBank WatchKit App" */;
			buildPhases = (
				AB1DA6171AE23B96008A6681 /* Resources */,
			);
			buildRules = (
			);
			dependencies = (
			);
			name = "PiggyBank WatchKit App";
			productName = "PiggyBank WatchKit App";
			productReference = AB1DA6191AE23B96008A6681 /* PiggyBank WatchKit App.app */;
			productType = "com.apple.product-type.application.watchapp";
		};
/* End PBXNativeTarget section */

/* Begin PBXProject section */
		AB16B9321ADBE0CC00F30BC3 /* Project object */ = {
			isa = PBXProject;
			attributes = {
				LastUpgradeCheck = 0620;
				ORGANIZATIONNAME = "Hungry Source Pty Ltd";
				TargetAttributes = {
					AB0F26911AE29DC200D18BB7 = {
						CreatedOnToolsVersion = 6.2;
					};
					AB0F269B1AE29DC200D18BB7 = {
						CreatedOnToolsVersion = 6.2;
						TestTargetID = AB16B9391ADBE0CC00F30BC3;
					};
					AB16B9391ADBE0CC00F30BC3 = {
						CreatedOnToolsVersion = 6.2;
					};
					AB16B94E1ADBE0CC00F30BC3 = {
						CreatedOnToolsVersion = 6.2;
						TestTargetID = AB16B9391ADBE0CC00F30BC3;
					};
					AB1DA6091AE23B96008A6681 = {
						CreatedOnToolsVersion = 6.2;
					};
					AB1DA6181AE23B96008A6681 = {
						CreatedOnToolsVersion = 6.2;
					};
				};
			};
			buildConfigurationList = AB16B9351ADBE0CC00F30BC3 /* Build configuration list for PBXProject "PiggyBank" */;
			compatibilityVersion = "Xcode 3.2";
			developmentRegion = English;
			hasScannedForEncodings = 0;
			knownRegions = (
				en,
				Base,
			);
			mainGroup = AB16B9311ADBE0CC00F30BC3;
			productRefGroup = AB16B93B1ADBE0CC00F30BC3 /* Products */;
			projectDirPath = "";
			projectRoot = "";
			targets = (
				AB16B9391ADBE0CC00F30BC3 /* PiggyBank */,
				AB16B94E1ADBE0CC00F30BC3 /* PiggyBankTests */,
				AB1DA6091AE23B96008A6681 /* PiggyBank WatchKit Extension */,
				AB1DA6181AE23B96008A6681 /* PiggyBank WatchKit App */,
				AB0F26911AE29DC200D18BB7 /* PiggyBankCommon */,
				AB0F269B1AE29DC200D18BB7 /* PiggyBankCommonTests */,
			);
		};
/* End PBXProject section */

/* Begin PBXResourcesBuildPhase section */
		AB0F26901AE29DC200D18BB7 /* Resources */ = {
			isa = PBXResourcesBuildPhase;
			buildActionMask = 2147483647;
			files = (
			);
			runOnlyForDeploymentPostprocessing = 0;
		};
		AB0F269A1AE29DC200D18BB7 /* Resources */ = {
			isa = PBXResourcesBuildPhase;
			buildActionMask = 2147483647;
			files = (
			);
			runOnlyForDeploymentPostprocessing = 0;
		};
		AB16B9381ADBE0CC00F30BC3 /* Resources */ = {
			isa = PBXResourcesBuildPhase;
			buildActionMask = 2147483647;
			files = (
				AB16B94A1ADBE0CC00F30BC3 /* LaunchScreen.xib in Resources */,
				AB16B9471ADBE0CC00F30BC3 /* Images.xcassets in Resources */,
			);
			runOnlyForDeploymentPostprocessing = 0;
		};
		AB16B94D1ADBE0CC00F30BC3 /* Resources */ = {
			isa = PBXResourcesBuildPhase;
			buildActionMask = 2147483647;
			files = (
			);
			runOnlyForDeploymentPostprocessing = 0;
		};
		AB1DA6081AE23B96008A6681 /* Resources */ = {
			isa = PBXResourcesBuildPhase;
			buildActionMask = 2147483647;
			files = (
				AB1DA6161AE23B96008A6681 /* Images.xcassets in Resources */,
				AB1DA61A1AE23B96008A6681 /* PiggyBank WatchKit App.app in Resources */,
			);
			runOnlyForDeploymentPostprocessing = 0;
		};
		AB1DA6171AE23B96008A6681 /* Resources */ = {
			isa = PBXResourcesBuildPhase;
			buildActionMask = 2147483647;
			files = (
				AB1DA6221AE23B96008A6681 /* Interface.storyboard in Resources */,
				AB1DA6241AE23B96008A6681 /* Images.xcassets in Resources */,
			);
			runOnlyForDeploymentPostprocessing = 0;
		};
/* End PBXResourcesBuildPhase section */

/* Begin PBXShellScriptBuildPhase section */
		8316B0879717A1E5694A8AE9 /* Check Pods Manifest.lock */ = {
			isa = PBXShellScriptBuildPhase;
			buildActionMask = 2147483647;
			files = (
			);
			inputPaths = (
			);
			name = "Check Pods Manifest.lock";
			outputPaths = (
			);
			runOnlyForDeploymentPostprocessing = 0;
			shellPath = /bin/sh;
			shellScript = "diff \"${PODS_ROOT}/../Podfile.lock\" \"${PODS_ROOT}/Manifest.lock\" > /dev/null\nif [[ $? != 0 ]] ; then\n    cat << EOM\nerror: The sandbox is not in sync with the Podfile.lock. Run 'pod install' or update your CocoaPods installation.\nEOM\n    exit 1\nfi\n";
			showEnvVarsInLog = 0;
		};
		97D44B9AC6C5D5E9506A4D3B /* Copy Pods Resources */ = {
			isa = PBXShellScriptBuildPhase;
			buildActionMask = 2147483647;
			files = (
			);
			inputPaths = (
			);
			name = "Copy Pods Resources";
			outputPaths = (
			);
			runOnlyForDeploymentPostprocessing = 0;
			shellPath = /bin/sh;
			shellScript = "\"${SRCROOT}/Pods/Target Support Files/Pods/Pods-resources.sh\"\n";
			showEnvVarsInLog = 0;
		};
/* End PBXShellScriptBuildPhase section */

/* Begin PBXSourcesBuildPhase section */
		AB0F268D1AE29DC200D18BB7 /* Sources */ = {
			isa = PBXSourcesBuildPhase;
			buildActionMask = 2147483647;
			files = (
				AB0F26B21AE29EB600D18BB7 /* BalanceModel.swift in Sources */,
			);
			runOnlyForDeploymentPostprocessing = 0;
		};
		AB0F26981AE29DC200D18BB7 /* Sources */ = {
			isa = PBXSourcesBuildPhase;
			buildActionMask = 2147483647;
			files = (
				AB0F26A61AE29DC200D18BB7 /* PiggyBankCommonTests.swift in Sources */,
			);
			runOnlyForDeploymentPostprocessing = 0;
		};
		AB16B9361ADBE0CC00F30BC3 /* Sources */ = {
			isa = PBXSourcesBuildPhase;
			buildActionMask = 2147483647;
			files = (
				ABBCDFE51ADD5D3900358E35 /* ScreenUtil.swift in Sources */,
				AB58DFC71ADD308D00F41625 /* UIColorExtensions.swift in Sources */,
				AB16B9421ADBE0CC00F30BC3 /* ViewController.swift in Sources */,
				AB16B9401ADBE0CC00F30BC3 /* AppDelegate.swift in Sources */,
				AB58DFC91ADD317000F41625 /* Style.swift in Sources */,
			);
			runOnlyForDeploymentPostprocessing = 0;
		};
		AB16B94B1ADBE0CC00F30BC3 /* Sources */ = {
			isa = PBXSourcesBuildPhase;
			buildActionMask = 2147483647;
			files = (
				AB16B9561ADBE0CC00F30BC3 /* PiggyBankTests.swift in Sources */,
			);
			runOnlyForDeploymentPostprocessing = 0;
		};
		AB1DA6061AE23B96008A6681 /* Sources */ = {
			isa = PBXSourcesBuildPhase;
			buildActionMask = 2147483647;
			files = (
				AB1DA6121AE23B96008A6681 /* NotificationController.swift in Sources */,
				AB1DA6101AE23B96008A6681 /* InterfaceController.swift in Sources */,
				AB1DA6141AE23B96008A6681 /* GlanceController.swift in Sources */,
			);
			runOnlyForDeploymentPostprocessing = 0;
		};
/* End PBXSourcesBuildPhase section */

/* Begin PBXTargetDependency section */
		AB0F269F1AE29DC200D18BB7 /* PBXTargetDependency */ = {
			isa = PBXTargetDependency;
			target = AB0F26911AE29DC200D18BB7 /* PiggyBankCommon */;
			targetProxy = AB0F269E1AE29DC200D18BB7 /* PBXContainerItemProxy */;
		};
		AB0F26A11AE29DC200D18BB7 /* PBXTargetDependency */ = {
			isa = PBXTargetDependency;
			target = AB16B9391ADBE0CC00F30BC3 /* PiggyBank */;
			targetProxy = AB0F26A01AE29DC200D18BB7 /* PBXContainerItemProxy */;
		};
		AB0F26A81AE29DC200D18BB7 /* PBXTargetDependency */ = {
			isa = PBXTargetDependency;
			target = AB0F26911AE29DC200D18BB7 /* PiggyBankCommon */;
			targetProxy = AB0F26A71AE29DC200D18BB7 /* PBXContainerItemProxy */;
		};
		AB16B9511ADBE0CC00F30BC3 /* PBXTargetDependency */ = {
			isa = PBXTargetDependency;
			target = AB16B9391ADBE0CC00F30BC3 /* PiggyBank */;
			targetProxy = AB16B9501ADBE0CC00F30BC3 /* PBXContainerItemProxy */;
		};
		AB1DA61C1AE23B96008A6681 /* PBXTargetDependency */ = {
			isa = PBXTargetDependency;
			target = AB1DA6181AE23B96008A6681 /* PiggyBank WatchKit App */;
			targetProxy = AB1DA61B1AE23B96008A6681 /* PBXContainerItemProxy */;
		};
		AB1DA6261AE23B96008A6681 /* PBXTargetDependency */ = {
			isa = PBXTargetDependency;
			target = AB1DA6091AE23B96008A6681 /* PiggyBank WatchKit Extension */;
			targetProxy = AB1DA6251AE23B96008A6681 /* PBXContainerItemProxy */;
		};
/* End PBXTargetDependency section */

/* Begin PBXVariantGroup section */
		AB16B9481ADBE0CC00F30BC3 /* LaunchScreen.xib */ = {
			isa = PBXVariantGroup;
			children = (
				AB16B9491ADBE0CC00F30BC3 /* Base */,
			);
			name = LaunchScreen.xib;
			sourceTree = "<group>";
		};
		AB1DA6201AE23B96008A6681 /* Interface.storyboard */ = {
			isa = PBXVariantGroup;
			children = (
				AB1DA6211AE23B96008A6681 /* Base */,
			);
			name = Interface.storyboard;
			sourceTree = "<group>";
		};
/* End PBXVariantGroup section */

/* Begin XCBuildConfiguration section */
		AB0F26AB1AE29DC200D18BB7 /* Debug */ = {
			isa = XCBuildConfiguration;
			buildSettings = {
				CURRENT_PROJECT_VERSION = 1;
				DEFINES_MODULE = YES;
				DYLIB_COMPATIBILITY_VERSION = 1;
				DYLIB_CURRENT_VERSION = 1;
				DYLIB_INSTALL_NAME_BASE = "@rpath";
				GCC_PREPROCESSOR_DEFINITIONS = (
					"DEBUG=1",
					"$(inherited)",
				);
				INFOPLIST_FILE = PiggyBankCommon/Info.plist;
				INSTALL_PATH = "$(LOCAL_LIBRARY_DIR)/Frameworks";
				LD_RUNPATH_SEARCH_PATHS = "$(inherited) @executable_path/Frameworks @loader_path/Frameworks";
				PRODUCT_NAME = "$(TARGET_NAME)";
				SKIP_INSTALL = YES;
				TARGETED_DEVICE_FAMILY = "1,2";
				VERSIONING_SYSTEM = "apple-generic";
				VERSION_INFO_PREFIX = "";
			};
			name = Debug;
		};
		AB0F26AC1AE29DC200D18BB7 /* Release */ = {
			isa = XCBuildConfiguration;
			buildSettings = {
				CURRENT_PROJECT_VERSION = 1;
				DEFINES_MODULE = YES;
				DYLIB_COMPATIBILITY_VERSION = 1;
				DYLIB_CURRENT_VERSION = 1;
				DYLIB_INSTALL_NAME_BASE = "@rpath";
				INFOPLIST_FILE = PiggyBankCommon/Info.plist;
				INSTALL_PATH = "$(LOCAL_LIBRARY_DIR)/Frameworks";
				LD_RUNPATH_SEARCH_PATHS = "$(inherited) @executable_path/Frameworks @loader_path/Frameworks";
				PRODUCT_NAME = "$(TARGET_NAME)";
				SKIP_INSTALL = YES;
				TARGETED_DEVICE_FAMILY = "1,2";
				VERSIONING_SYSTEM = "apple-generic";
				VERSION_INFO_PREFIX = "";
			};
			name = Release;
		};
		AB0F26AD1AE29DC200D18BB7 /* Debug */ = {
			isa = XCBuildConfiguration;
			buildSettings = {
				FRAMEWORK_SEARCH_PATHS = (
					"$(SDKROOT)/Developer/Library/Frameworks",
					"$(inherited)",
				);
				GCC_PREPROCESSOR_DEFINITIONS = (
					"DEBUG=1",
					"$(inherited)",
				);
				INFOPLIST_FILE = PiggyBankCommonTests/Info.plist;
				LD_RUNPATH_SEARCH_PATHS = "$(inherited) @executable_path/Frameworks @loader_path/Frameworks";
				PRODUCT_NAME = "$(TARGET_NAME)";
				TEST_HOST = "$(BUILT_PRODUCTS_DIR)/PiggyBank.app/PiggyBank";
			};
			name = Debug;
		};
		AB0F26AE1AE29DC200D18BB7 /* Release */ = {
			isa = XCBuildConfiguration;
			buildSettings = {
				FRAMEWORK_SEARCH_PATHS = (
					"$(SDKROOT)/Developer/Library/Frameworks",
					"$(inherited)",
				);
				INFOPLIST_FILE = PiggyBankCommonTests/Info.plist;
				LD_RUNPATH_SEARCH_PATHS = "$(inherited) @executable_path/Frameworks @loader_path/Frameworks";
				PRODUCT_NAME = "$(TARGET_NAME)";
				TEST_HOST = "$(BUILT_PRODUCTS_DIR)/PiggyBank.app/PiggyBank";
			};
			name = Release;
		};
		AB16B9571ADBE0CC00F30BC3 /* Debug */ = {
			isa = XCBuildConfiguration;
			buildSettings = {
				ALWAYS_SEARCH_USER_PATHS = NO;
				CLANG_CXX_LANGUAGE_STANDARD = "gnu++0x";
				CLANG_CXX_LIBRARY = "libc++";
				CLANG_ENABLE_MODULES = YES;
				CLANG_ENABLE_OBJC_ARC = YES;
				CLANG_WARN_BOOL_CONVERSION = YES;
				CLANG_WARN_CONSTANT_CONVERSION = YES;
				CLANG_WARN_DIRECT_OBJC_ISA_USAGE = YES_ERROR;
				CLANG_WARN_EMPTY_BODY = YES;
				CLANG_WARN_ENUM_CONVERSION = YES;
				CLANG_WARN_INT_CONVERSION = YES;
				CLANG_WARN_OBJC_ROOT_CLASS = YES_ERROR;
				CLANG_WARN_UNREACHABLE_CODE = YES;
				CLANG_WARN__DUPLICATE_METHOD_MATCH = YES;
				"CODE_SIGN_IDENTITY[sdk=iphoneos*]" = "iPhone Developer";
				COPY_PHASE_STRIP = NO;
				ENABLE_STRICT_OBJC_MSGSEND = YES;
				GCC_C_LANGUAGE_STANDARD = gnu99;
				GCC_DYNAMIC_NO_PIC = NO;
				GCC_OPTIMIZATION_LEVEL = 0;
				GCC_PREPROCESSOR_DEFINITIONS = (
					"DEBUG=1",
					"$(inherited)",
				);
				GCC_SYMBOLS_PRIVATE_EXTERN = NO;
				GCC_WARN_64_TO_32_BIT_CONVERSION = YES;
				GCC_WARN_ABOUT_RETURN_TYPE = YES_ERROR;
				GCC_WARN_UNDECLARED_SELECTOR = YES;
				GCC_WARN_UNINITIALIZED_AUTOS = YES_AGGRESSIVE;
				GCC_WARN_UNUSED_FUNCTION = YES;
				GCC_WARN_UNUSED_VARIABLE = YES;
				IPHONEOS_DEPLOYMENT_TARGET = 8.2;
				MTL_ENABLE_DEBUG_INFO = YES;
				ONLY_ACTIVE_ARCH = YES;
				SDKROOT = iphoneos;
				SWIFT_OPTIMIZATION_LEVEL = "-Onone";
			};
			name = Debug;
		};
		AB16B9581ADBE0CC00F30BC3 /* Release */ = {
			isa = XCBuildConfiguration;
			buildSettings = {
				ALWAYS_SEARCH_USER_PATHS = NO;
				CLANG_CXX_LANGUAGE_STANDARD = "gnu++0x";
				CLANG_CXX_LIBRARY = "libc++";
				CLANG_ENABLE_MODULES = YES;
				CLANG_ENABLE_OBJC_ARC = YES;
				CLANG_WARN_BOOL_CONVERSION = YES;
				CLANG_WARN_CONSTANT_CONVERSION = YES;
				CLANG_WARN_DIRECT_OBJC_ISA_USAGE = YES_ERROR;
				CLANG_WARN_EMPTY_BODY = YES;
				CLANG_WARN_ENUM_CONVERSION = YES;
				CLANG_WARN_INT_CONVERSION = YES;
				CLANG_WARN_OBJC_ROOT_CLASS = YES_ERROR;
				CLANG_WARN_UNREACHABLE_CODE = YES;
				CLANG_WARN__DUPLICATE_METHOD_MATCH = YES;
				"CODE_SIGN_IDENTITY[sdk=iphoneos*]" = "iPhone Developer";
				COPY_PHASE_STRIP = NO;
				ENABLE_NS_ASSERTIONS = NO;
				ENABLE_STRICT_OBJC_MSGSEND = YES;
				GCC_C_LANGUAGE_STANDARD = gnu99;
				GCC_WARN_64_TO_32_BIT_CONVERSION = YES;
				GCC_WARN_ABOUT_RETURN_TYPE = YES_ERROR;
				GCC_WARN_UNDECLARED_SELECTOR = YES;
				GCC_WARN_UNINITIALIZED_AUTOS = YES_AGGRESSIVE;
				GCC_WARN_UNUSED_FUNCTION = YES;
				GCC_WARN_UNUSED_VARIABLE = YES;
				IPHONEOS_DEPLOYMENT_TARGET = 8.2;
				MTL_ENABLE_DEBUG_INFO = NO;
				SDKROOT = iphoneos;
				VALIDATE_PRODUCT = YES;
			};
			name = Release;
		};
		AB16B95A1ADBE0CC00F30BC3 /* Debug */ = {
			isa = XCBuildConfiguration;
			baseConfigurationReference = DAAE45800054E488C0445190 /* Pods.debug.xcconfig */;
			buildSettings = {
				ASSETCATALOG_COMPILER_APPICON_NAME = AppIcon;
				EMBEDDED_CONTENT_CONTAINS_SWIFT = YES;
				INFOPLIST_FILE = PiggyBank/Info.plist;
				LD_RUNPATH_SEARCH_PATHS = "$(inherited) @executable_path/Frameworks";
				PRODUCT_NAME = "$(TARGET_NAME)";
				SWIFT_OBJC_BRIDGING_HEADER = "PiggyBank/PiggyBank-Bridging-Header.h";
			};
			name = Debug;
		};
		AB16B95B1ADBE0CC00F30BC3 /* Release */ = {
			isa = XCBuildConfiguration;
			baseConfigurationReference = F5D916FB7CD07E1B359763E7 /* Pods.release.xcconfig */;
			buildSettings = {
				ASSETCATALOG_COMPILER_APPICON_NAME = AppIcon;
				EMBEDDED_CONTENT_CONTAINS_SWIFT = YES;
				INFOPLIST_FILE = PiggyBank/Info.plist;
				LD_RUNPATH_SEARCH_PATHS = "$(inherited) @executable_path/Frameworks";
				PRODUCT_NAME = "$(TARGET_NAME)";
				SWIFT_OBJC_BRIDGING_HEADER = "PiggyBank/PiggyBank-Bridging-Header.h";
			};
			name = Release;
		};
		AB16B95D1ADBE0CC00F30BC3 /* Debug */ = {
			isa = XCBuildConfiguration;
			buildSettings = {
				BUNDLE_LOADER = "$(TEST_HOST)";
				FRAMEWORK_SEARCH_PATHS = (
					"$(SDKROOT)/Developer/Library/Frameworks",
					"$(inherited)",
				);
				GCC_PREPROCESSOR_DEFINITIONS = (
					"DEBUG=1",
					"$(inherited)",
				);
				INFOPLIST_FILE = PiggyBankTests/Info.plist;
				LD_RUNPATH_SEARCH_PATHS = "$(inherited) @executable_path/Frameworks @loader_path/Frameworks";
				PRODUCT_NAME = "$(TARGET_NAME)";
				TEST_HOST = "$(BUILT_PRODUCTS_DIR)/PiggyBank.app/PiggyBank";
			};
			name = Debug;
		};
		AB16B95E1ADBE0CC00F30BC3 /* Release */ = {
			isa = XCBuildConfiguration;
			buildSettings = {
				BUNDLE_LOADER = "$(TEST_HOST)";
				FRAMEWORK_SEARCH_PATHS = (
					"$(SDKROOT)/Developer/Library/Frameworks",
					"$(inherited)",
				);
				INFOPLIST_FILE = PiggyBankTests/Info.plist;
				LD_RUNPATH_SEARCH_PATHS = "$(inherited) @executable_path/Frameworks @loader_path/Frameworks";
				PRODUCT_NAME = "$(TARGET_NAME)";
				TEST_HOST = "$(BUILT_PRODUCTS_DIR)/PiggyBank.app/PiggyBank";
			};
			name = Release;
		};
		AB1DA6281AE23B96008A6681 /* Debug */ = {
			isa = XCBuildConfiguration;
			buildSettings = {
				GCC_PREPROCESSOR_DEFINITIONS = (
					"DEBUG=1",
					"$(inherited)",
				);
				INFOPLIST_FILE = "PiggyBank WatchKit Extension/Info.plist";
				LD_RUNPATH_SEARCH_PATHS = "$(inherited) @executable_path/Frameworks @executable_path/../../Frameworks";
				PRODUCT_NAME = "${TARGET_NAME}";
				SKIP_INSTALL = YES;
			};
			name = Debug;
		};
		AB1DA6291AE23B96008A6681 /* Release */ = {
			isa = XCBuildConfiguration;
			buildSettings = {
				INFOPLIST_FILE = "PiggyBank WatchKit Extension/Info.plist";
				LD_RUNPATH_SEARCH_PATHS = "$(inherited) @executable_path/Frameworks @executable_path/../../Frameworks";
				PRODUCT_NAME = "${TARGET_NAME}";
				SKIP_INSTALL = YES;
			};
			name = Release;
		};
		AB1DA62A1AE23B96008A6681 /* Debug */ = {
			isa = XCBuildConfiguration;
			buildSettings = {
				ASSETCATALOG_COMPILER_APPICON_NAME = AppIcon;
				GCC_PREPROCESSOR_DEFINITIONS = (
					"DEBUG=1",
					"$(inherited)",
				);
				IBSC_MODULE = PiggyBank_WatchKit_Extension;
				INFOPLIST_FILE = "PiggyBank WatchKit App/Info.plist";
				PRODUCT_NAME = "$(TARGET_NAME)";
				SKIP_INSTALL = YES;
				TARGETED_DEVICE_FAMILY = 4;
				"TARGETED_DEVICE_FAMILY[sdk=iphonesimulator*]" = "1,4";
			};
			name = Debug;
		};
		AB1DA62B1AE23B96008A6681 /* Release */ = {
			isa = XCBuildConfiguration;
			buildSettings = {
				ASSETCATALOG_COMPILER_APPICON_NAME = AppIcon;
				IBSC_MODULE = PiggyBank_WatchKit_Extension;
				INFOPLIST_FILE = "PiggyBank WatchKit App/Info.plist";
				PRODUCT_NAME = "$(TARGET_NAME)";
				SKIP_INSTALL = YES;
				TARGETED_DEVICE_FAMILY = 4;
				"TARGETED_DEVICE_FAMILY[sdk=iphonesimulator*]" = "1,4";
			};
			name = Release;
		};
/* End XCBuildConfiguration section */

/* Begin XCConfigurationList section */
		AB0F26AF1AE29DC200D18BB7 /* Build configuration list for PBXNativeTarget "PiggyBankCommon" */ = {
			isa = XCConfigurationList;
			buildConfigurations = (
				AB0F26AB1AE29DC200D18BB7 /* Debug */,
				AB0F26AC1AE29DC200D18BB7 /* Release */,
			);
			defaultConfigurationIsVisible = 0;
		};
		AB0F26B11AE29DC200D18BB7 /* Build configuration list for PBXNativeTarget "PiggyBankCommonTests" */ = {
			isa = XCConfigurationList;
			buildConfigurations = (
				AB0F26AD1AE29DC200D18BB7 /* Debug */,
				AB0F26AE1AE29DC200D18BB7 /* Release */,
			);
			defaultConfigurationIsVisible = 0;
		};
		AB16B9351ADBE0CC00F30BC3 /* Build configuration list for PBXProject "PiggyBank" */ = {
			isa = XCConfigurationList;
			buildConfigurations = (
				AB16B9571ADBE0CC00F30BC3 /* Debug */,
				AB16B9581ADBE0CC00F30BC3 /* Release */,
			);
			defaultConfigurationIsVisible = 0;
			defaultConfigurationName = Release;
		};
		AB16B9591ADBE0CC00F30BC3 /* Build configuration list for PBXNativeTarget "PiggyBank" */ = {
			isa = XCConfigurationList;
			buildConfigurations = (
				AB16B95A1ADBE0CC00F30BC3 /* Debug */,
				AB16B95B1ADBE0CC00F30BC3 /* Release */,
			);
			defaultConfigurationIsVisible = 0;
			defaultConfigurationName = Release;
		};
		AB16B95C1ADBE0CC00F30BC3 /* Build configuration list for PBXNativeTarget "PiggyBankTests" */ = {
			isa = XCConfigurationList;
			buildConfigurations = (
				AB16B95D1ADBE0CC00F30BC3 /* Debug */,
				AB16B95E1ADBE0CC00F30BC3 /* Release */,
			);
			defaultConfigurationIsVisible = 0;
			defaultConfigurationName = Release;
		};
		AB1DA62C1AE23B96008A6681 /* Build configuration list for PBXNativeTarget "PiggyBank WatchKit App" */ = {
			isa = XCConfigurationList;
			buildConfigurations = (
				AB1DA62A1AE23B96008A6681 /* Debug */,
				AB1DA62B1AE23B96008A6681 /* Release */,
			);
			defaultConfigurationIsVisible = 0;
			defaultConfigurationName = Release;
		};
		AB1DA62D1AE23B96008A6681 /* Build configuration list for PBXNativeTarget "PiggyBank WatchKit Extension" */ = {
			isa = XCConfigurationList;
			buildConfigurations = (
				AB1DA6281AE23B96008A6681 /* Debug */,
				AB1DA6291AE23B96008A6681 /* Release */,
			);
			defaultConfigurationIsVisible = 0;
			defaultConfigurationName = Release;
		};
/* End XCConfigurationList section */
	};
	rootObject = AB16B9321ADBE0CC00F30BC3 /* Project object */;
}
